
Microsoft Visual Studio Solution File, Format Version 11.00
# Visual Basic Express 2010
Project("{F184B08F-C81C-45F6-A57F-5ABD9991F28F}") = "compito.numeridiversicasuali", "compito.numeridiversicasuali\compito.numeridiversicasuali.vbproj", "{4A40C834-3CD2-40E7-BE31-73A7C41F5FCC}"
EndProject
Global
	GlobalSection(SolutionConfigurationPlatforms) = preSolution
		Debug|x86 = Debug|x86
		Release|x86 = Release|x86
	EndGlobalSection
	GlobalSection(ProjectConfigurationPlatforms) = postSolution
		{4A40C834-3CD2-40E7-BE31-73A7C41F5FCC}.Debug|x86.ActiveCfg = Debug|x86
		{4A40C834-3CD2-40E7-BE31-73A7C41F5FCC}.Debug|x86.Build.0 = Debug|x86
		{4A40C834-3CD2-40E7-BE31-73A7C41F5FCC}.Release|x86.ActiveCfg = Release|x86
		{4A40C834-3CD2-40E7-BE31-73A7C41F5FCC}.Release|x86.Build.0 = Release|x86
	EndGlobalSection
	GlobalSection(SolutionProperties) = preSolution
		HideSolutionNode = FALSE
	EndGlobalSection
EndGlobal
